
Microsoft Visual Studio Solution File, Format Version 11.00
# Visual C# Express 2010
Project("{FAE04EC0-301F-11D3-BF4B-00C04F79EFBC}") = "nessus-tools", "nessus-tools\nessus-tools.csproj", "{0168C928-31B3-4878-852A-60C8E2D0CAD3}"
EndProject
Project("{FAE04EC0-301F-11D3-BF4B-00C04F79EFBC}") = "Report Visualizer", "Report Visualizer\Report Visualizer.csproj", "{53D209FF-2F57-4FE7-B139-551367488F25}"
EndProject
Project("{FAE04EC0-301F-11D3-BF4B-00C04F79EFBC}") = "nessus-reporting", "nessus-reporting\nessus-reporting.csproj", "{89613FF5-CFBA-4EC4-A9A3-B37B45666AF2}"
EndProject
Global
	GlobalSection(SolutionConfigurationPlatforms) = preSolution
		Debug|Any CPU = Debug|Any CPU
		Debug|Mixed Platforms = Debug|Mixed Platforms
		Debug|x86 = Debug|x86
		Release|Any CPU = Release|Any CPU
		Release|Mixed Platforms = Release|Mixed Platforms
		Release|x86 = Release|x86
	EndGlobalSection
	GlobalSection(ProjectConfigurationPlatforms) = postSolution
		{0168C928-31B3-4878-852A-60C8E2D0CAD3}.Debug|Any CPU.ActiveCfg = Debug|Any CPU
		{0168C928-31B3-4878-852A-60C8E2D0CAD3}.Debug|Any CPU.Build.0 = Debug|Any CPU
		{0168C928-31B3-4878-852A-60C8E2D0CAD3}.Debug|Mixed Platforms.ActiveCfg = Debug|Any CPU
		{0168C928-31B3-4878-852A-60C8E2D0CAD3}.Debug|Mixed Platforms.Build.0 = Debug|Any CPU
		{0168C928-31B3-4878-852A-60C8E2D0CAD3}.Debug|x86.ActiveCfg = Debug|Any CPU
		{0168C928-31B3-4878-852A-60C8E2D0CAD3}.Release|Any CPU.ActiveCfg = Release|Any CPU
		{0168C928-31B3-4878-852A-60C8E2D0CAD3}.Release|Any CPU.Build.0 = Release|Any CPU
		{0168C928-31B3-4878-852A-60C8E2D0CAD3}.Release|Mixed Platforms.ActiveCfg = Release|Any CPU
		{0168C928-31B3-4878-852A-60C8E2D0CAD3}.Release|Mixed Platforms.Build.0 = Release|Any CPU
		{0168C928-31B3-4878-852A-60C8E2D0CAD3}.Release|x86.ActiveCfg = Release|Any CPU
		{53D209FF-2F57-4FE7-B139-551367488F25}.Debug|Any CPU.ActiveCfg = Debug|x86
		{53D209FF-2F57-4FE7-B139-551367488F25}.Debug|Mixed Platforms.ActiveCfg = Debug|x86
		{53D209FF-2F57-4FE7-B139-551367488F25}.Debug|Mixed Platforms.Build.0 = Debug|x86
		{53D209FF-2F57-4FE7-B139-551367488F25}.Debug|x86.ActiveCfg = Debug|x86
		{53D209FF-2F57-4FE7-B139-551367488F25}.Debug|x86.Build.0 = Debug|x86
		{53D209FF-2F57-4FE7-B139-551367488F25}.Release|Any CPU.ActiveCfg = Release|x86
		{53D209FF-2F57-4FE7-B139-551367488F25}.Release|Mixed Platforms.ActiveCfg = Release|x86
		{53D209FF-2F57-4FE7-B139-551367488F25}.Release|Mixed Platforms.Build.0 = Release|x86
		{53D209FF-2F57-4FE7-B139-551367488F25}.Release|x86.ActiveCfg = Release|x86
		{53D209FF-2F57-4FE7-B139-551367488F25}.Release|x86.Build.0 = Release|x86
		{89613FF5-CFBA-4EC4-A9A3-B37B45666AF2}.Debug|Any CPU.ActiveCfg = Debug|Any CPU
		{89613FF5-CFBA-4EC4-A9A3-B37B45666AF2}.Debug|Any CPU.Build.0 = Debug|Any CPU
		{89613FF5-CFBA-4EC4-A9A3-B37B45666AF2}.Debug|Mixed Platforms.ActiveCfg = Debug|Any CPU
		{89613FF5-CFBA-4EC4-A9A3-B37B45666AF2}.Debug|Mixed Platforms.Build.0 = Debug|Any CPU
		{89613FF5-CFBA-4EC4-A9A3-B37B45666AF2}.Debug|x86.ActiveCfg = Debug|Any CPU
		{89613FF5-CFBA-4EC4-A9A3-B37B45666AF2}.Release|Any CPU.ActiveCfg = Release|Any CPU
		{89613FF5-CFBA-4EC4-A9A3-B37B45666AF2}.Release|Any CPU.Build.0 = Release|Any CPU
		{89613FF5-CFBA-4EC4-A9A3-B37B45666AF2}.Release|Mixed Platforms.ActiveCfg = Release|Any CPU
		{89613FF5-CFBA-4EC4-A9A3-B37B45666AF2}.Release|Mixed Platforms.Build.0 = Release|Any CPU
		{89613FF5-CFBA-4EC4-A9A3-B37B45666AF2}.Release|x86.ActiveCfg = Release|Any CPU
	EndGlobalSection
	GlobalSection(SolutionProperties) = preSolution
		HideSolutionNode = FALSE
	EndGlobalSection
EndGlobal
